
Microsoft Visual Studio Solution File, Format Version 12.00
# Visual Studio Version 16
VisualStudioVersion = 16.0.32510.428
MinimumVisualStudioVersion = 10.0.40219.1
Project("{FAE04EC0-301F-11D3-BF4B-00C04F79EFBC}") = "SmileSPresentation", "SmileSPresentation\SmileSPresentation.csproj", "{853C7348-3C52-40CF-87B7-B8FD28DDD4C2}"
EndProject
Project("{FAE04EC0-301F-11D3-BF4B-00C04F79EFBC}") = "SmileMotorV1", "SmileMotorV1\SmileMotorV1.csproj", "{42417ADD-069B-49AA-A334-F2CAE7587E97}"
EndProject
Project("{FAE04EC0-301F-11D3-BF4B-00C04F79EFBC}") = "SmileClaimV1", "SmileClaimV1\SmileClaimV1.csproj", "{347EAAB7-D2ED-454A-8543-8DA220E8D1A3}"
EndProject
Project("{FAE04EC0-301F-11D3-BF4B-00C04F79EFBC}") = "SmileSDataCenterV1", "SmileSDataCenterV1\SmileSDataCenterV1.csproj", "{1A0EEA31-B6F2-4294-8E62-6FD4BB8DE7EB}"
EndProject
Project("{FAE04EC0-301F-11D3-BF4B-00C04F79EFBC}") = "SmileSReport", "SmileSReport\SmileSReport.csproj", "{18A28F79-2BF8-4AA3-9978-0836FC13E02C}"
EndProject
Project("{FAE04EC0-301F-11D3-BF4B-00C04F79EFBC}") = "SmileSCounterService", "SmileSCounterService\SmileSCounterService.csproj", "{7FE42011-1685-4599-911B-895BB2BF3C89}"
EndProject
Project("{FAE04EC0-301F-11D3-BF4B-00C04F79EFBC}") = "SmileSConvertFile", "SmileSConvertFile\SmileSConvertFile.csproj", "{C350C6CC-74BB-4BB2-8C7A-882920643583}"
EndProject
Project("{FAE04EC0-301F-11D3-BF4B-00C04F79EFBC}") = "SmileSMobileWebUI", "SmileSMobileWebUI\SmileSMobileWebUI.csproj", "{A5FA5990-04B9-4C3A-9AEF-0FEDA1C8FE55}"
EndProject
Project("{FAE04EC0-301F-11D3-BF4B-00C04F79EFBC}") = "SmileParameter", "SmileSParameter\SmileParameter.csproj", "{6170BCE9-A2DF-41B8-B88D-4B353C5BBED5}"
EndProject
Project("{FAE04EC0-301F-11D3-BF4B-00C04F79EFBC}") = "SmileSConvertFileV2", "SmileSConvertFileV2\SmileSConvertFileV2.csproj", "{BE9803F1-BF61-47E7-98AC-0047B1449C41}"
EndProject
Project("{FAE04EC0-301F-11D3-BF4B-00C04F79EFBC}") = "SmileClaimV2", "SmileClaimV2\SmileClaimV2.csproj", "{AD4C08C7-AB44-4E38-800C-8FCE47528E0B}"
EndProject
Project("{FAE04EC0-301F-11D3-BF4B-00C04F79EFBC}") = "SmileSMiscellaneous", "SmileSMiscellaneous\SmileSMiscellaneous.csproj", "{1CFFDF40-F6C9-4A81-BBD1-0404792C8293}"
EndProject
Project("{FAE04EC0-301F-11D3-BF4B-00C04F79EFBC}") = "SmileSDataCenterV2", "SmileSDataCenterV2\SmileSDataCenterV2.csproj", "{F7A32DAA-4039-4F15-ACC6-C2DFA2C09DA5}"
EndProject
Project("{FAE04EC0-301F-11D3-BF4B-00C04F79EFBC}") = "SmileSDuration", "SmileSDuration\SmileSDuration.csproj", "{04094B2B-93F8-4D6A-9785-4D8D28005C99}"
EndProject
Project("{FAE04EC0-301F-11D3-BF4B-00C04F79EFBC}") = "SmileSUnderwrite", "SmileSUnderwrite\SmileSUnderwrite.csproj", "{696E3B1F-0DE7-4F0A-BFBC-BFEEAB66091E}"
EndProject
Project("{FAE04EC0-301F-11D3-BF4B-00C04F79EFBC}") = "SmileSPoint", "SmileSPoint\SmileSPoint.csproj", "{511FB3B2-3D0D-4B47-A671-2A7D1116FEE7}"
EndProject
Project("{FAE04EC0-301F-11D3-BF4B-00C04F79EFBC}") = "SmileSCustomerBase", "SmileSCustomerBase\SmileSCustomerBase.csproj", "{F3A5B2D8-398B-46BD-8448-9A21FE6AA1A0}"
EndProject
Project("{FAE04EC0-301F-11D3-BF4B-00C04F79EFBC}") = "SmileSLogin", "SmileSLogin\SmileSLogin.csproj", "{DEF29A3C-E6FD-4CA3-80B0-52345376B60A}"
EndProject
Project("{FAE04EC0-301F-11D3-BF4B-00C04F79EFBC}") = "SmileSLogin_Test", "SmileSLogin_Test\SmileSLogin_Test.csproj", "{FAD27376-8A24-49B5-8527-99AD20D48B7B}"
EndProject
Project("{FAE04EC0-301F-11D3-BF4B-00C04F79EFBC}") = "SmileSPaymentGateway", "SmileSPaymentGateway\SmileSPaymentGateway.csproj", "{F14E29DF-3DEC-40DC-B0F0-21CA12AFED17}"
EndProject
Project("{FAE04EC0-301F-11D3-BF4B-00C04F79EFBC}") = "SmileSDocKTB", "SmileSDocKTB\SmileSDocKTB.csproj", "{A1810E02-FDBB-47A0-A5C3-8D55C61D2DE9}"
EndProject
Project("{FAE04EC0-301F-11D3-BF4B-00C04F79EFBC}") = "SmileSRoot", "SmileSRoot\SmileSRoot.csproj", "{C45EEB53-5838-4DE9-8306-6C25A0463C82}"
EndProject
Project("{FAE04EC0-301F-11D3-BF4B-00C04F79EFBC}") = "SmileSMarketingRelation", "SmileSMarketingRelation\SmileSMarketingRelation.csproj", "{7996B2FD-9F26-4193-A61C-31AFC8E2ECF3}"
EndProject
Project("{FAE04EC0-301F-11D3-BF4B-00C04F79EFBC}") = "SmileSBankDirectDebit", "SmileSBankDirectDebit\SmileSBankDirectDebit.csproj", "{87ABB48E-BAB4-4CF4-BAA2-3D5B24FEDC1D}"
EndProject
Project("{FAE04EC0-301F-11D3-BF4B-00C04F79EFBC}") = "SmileSClaimOnLine", "SmileSClaimOnLine\SmileSClaimOnLine.csproj", "{A4AC7095-6F3D-42F6-938C-6D144D586307}"
EndProject
Project("{FAE04EC0-301F-11D3-BF4B-00C04F79EFBC}") = "SmileUnderwriteBranch", "SmileUnderwriteBranch\SmileUnderwriteBranch.csproj", "{4C80B18A-99FB-4A04-B953-E6E7A51CE63E}"
EndProject
Project("{FAE04EC0-301F-11D3-BF4B-00C04F79EFBC}") = "StandardDevelopment", "StandardDevelopment\StandardDevelopment.csproj", "{62664155-36BC-4583-A5CA-E0C8B1CE8D59}"
EndProject
Project("{FAE04EC0-301F-11D3-BF4B-00C04F79EFBC}") = "SmileSPersonUpdate", "SmileSPersonUpdate\SmileSPersonUpdate.csproj", "{67F25BB9-947B-4868-A7F1-5EB629121163}"
EndProject
Project("{FAE04EC0-301F-11D3-BF4B-00C04F79EFBC}") = "SmileSCommunicate", "SmileSCommunicate\SmileSCommunicate.csproj", "{86211C05-FF38-4A9F-9AA2-6F81C5E9CF6D}"
EndProject
Project("{FAE04EC0-301F-11D3-BF4B-00C04F79EFBC}") = "SmileSTaxAllowance", "SmileSTaxAllowance\SmileSTaxAllowance.csproj", "{64D221FD-9B88-43A8-B0A0-C1B67729EE91}"
EndProject
Project("{FAE04EC0-301F-11D3-BF4B-00C04F79EFBC}") = "SmileSCommission", "SmileSCommission\SmileSCommission.csproj", "{E28A621E-831F-4627-8F5F-E9E7C5CA2188}"
EndProject
Project("{FAE04EC0-301F-11D3-BF4B-00C04F79EFBC}") = "SmileSPettyCash", "SmileSPettyCash\SmileSPettyCash.csproj", "{A37337F0-77A5-4612-A14B-3B8BC47C7CFE}"
EndProject
Project("{FAE04EC0-301F-11D3-BF4B-00C04F79EFBC}") = "SmileSCommissionModelDesigner", "SmileSCommissionModelDesigner\SmileSCommissionModelDesigner.csproj", "{4995968E-D7B2-4975-AF84-5414492B36C7}"
EndProject
Project("{FAE04EC0-301F-11D3-BF4B-00C04F79EFBC}") = "SmileSIncident", "SmileSIncident\SmileSIncident.csproj", "{4B33CF03-56EB-414B-B26A-930F6AC4965E}"
EndProject
Project("{FAE04EC0-301F-11D3-BF4B-00C04F79EFBC}") = "SmileSPACommunity", "SmileSPACommunity\SmileSPACommunity.csproj", "{194CD3A1-93A3-41B5-B496-BD7E79C685C4}"
EndProject
Project("{FAE04EC0-301F-11D3-BF4B-00C04F79EFBC}") = "SmileSCommissionDataImport", "SmileSCommissionDataImport\SmileSCommissionDataImport.csproj", "{70080AB0-160B-4FCB-A047-05435EF62275}"
EndProject
Project("{FAE04EC0-301F-11D3-BF4B-00C04F79EFBC}") = "SmileSAmazonS3", "SmileSAmazonS3\SmileSAmazonS3.csproj", "{744C25E3-EA30-4D88-86A0-83B7F605F2B2}"
EndProject
Project("{FAE04EC0-301F-11D3-BF4B-00C04F79EFBC}") = "SmileSHTMLRanking", "SmileSHTMLRanking\SmileSHTMLRanking.csproj", "{B843C882-EB66-4FFA-90FB-63985DFA7B23}"
EndProject
Project("{FAE04EC0-301F-11D3-BF4B-00C04F79EFBC}") = "SmileSCriticalIllness", "SmileSCriticalIllness\SmileSCriticalIllness.csproj", "{0DD3D913-B401-4288-9A7F-B65F5D99D45A}"
EndProject
Project("{FAE04EC0-301F-11D3-BF4B-00C04F79EFBC}") = "SmileSTNIDocumentDownload", "SmileSTNIDocumentDownload\SmileSTNIDocumentDownload.csproj", "{F819E3DA-C4EE-4425-98F3-B760ABB75266}"
EndProject
Project("{FAE04EC0-301F-11D3-BF4B-00C04F79EFBC}") = "SmileSBillPayment", "SmileSBillPayment\SmileSBillPayment.csproj", "{82D6A67E-28E2-45C2-B14E-B67600119936}"
EndProject
Project("{FAE04EC0-301F-11D3-BF4B-00C04F79EFBC}") = "SmileSSytemMonitor", "SmilesSSytemMonitor\SmileSSytemMonitor.csproj", "{F8F00939-00AF-474C-9A1C-09CEDA363D6B}"
EndProject
Project("{FAE04EC0-301F-11D3-BF4B-00C04F79EFBC}") = "SmileUnderwriteBranchV2", "SmileUnderwriteBranchV2\SmileUnderwriteBranchV2.csproj", "{9E7E8E83-62C6-4646-9F8B-2D578E7F1119}"
EndProject
Project("{FAE04EC0-301F-11D3-BF4B-00C04F79EFBC}") = "SmileSDataExport", "SmileSDataExport\SmileSDataExport.csproj", "{F5951391-84E4-4800-B489-AB50EF0D65A2}"
EndProject
Project("{FAE04EC0-301F-11D3-BF4B-00C04F79EFBC}") = "SmileSUnderwriteAudit", "SmileSUnderwriteAudit\SmileSUnderwriteAudit.csproj", "{6E358531-3244-417D-8901-A38586870CEF}"
EndProject
Project("{FAE04EC0-301F-11D3-BF4B-00C04F79EFBC}") = "RoadsideAssistance", "RoadsideAssistance\RoadsideAssistance.csproj", "{374135FB-4073-4EBE-9670-AFE8A7897346}"
EndProject
Project("{FAE04EC0-301F-11D3-BF4B-00C04F79EFBC}") = "SmileSAudioPlayer", "SmileSAudioPlayer\SmileSAudioPlayer.csproj", "{DEB94680-1C67-4038-B3F0-008518DD7960}"
EndProject
Project("{FAE04EC0-301F-11D3-BF4B-00C04F79EFBC}") = "SmileSSurvey", "SmileSSurvey\SmileSSurvey.csproj", "{A053F354-5877-4FB5-BEE2-A56F1605E13A}"
EndProject
Project("{9A19103F-16F7-4668-BE54-9A1E7A4F7556}") = "SmileSDataCenterV2.Contracts", "SmileSDataCenterV2.Contracts\SmileSDataCenterV2.Contracts.csproj", "{8F7D8361-F2D6-42E3-83AF-D843BBA62883}"
EndProject
Project("{2150E333-8FDC-42A3-9474-1A3956D46DE8}") = "Solution Items", "Solution Items", "{C87C41F3-CD35-4E47-A35B-F403A6B8BED1}"
	ProjectSection(SolutionItems) = preProject
		.editorconfig = .editorconfig
	EndProjectSection
EndProject
Project("{FAE04EC0-301F-11D3-BF4B-00C04F79EFBC}") = "SmileSClaimPayBack", "SmileSClaimPayBack\SmileSClaimPayBack.csproj", "{9CA4D841-C73E-4F35-ADCF-A65CA24B5750}"
EndProject
Project("{FAE04EC0-301F-11D3-BF4B-00C04F79EFBC}") = "CustomerForm", "CustomerForm\CustomerForm.csproj", "{B794A0FA-3968-4FAD-A634-C3EA9E7FE04B}"
EndProject
Project("{FAE04EC0-301F-11D3-BF4B-00C04F79EFBC}") = "UnderwriteCancellation", "UnderwriteCancellation\UnderwriteCancellation.csproj", "{3129FD74-7C12-4D97-9F03-428CD847A249}"
EndProject
Global
	GlobalSection(SolutionConfigurationPlatforms) = preSolution
		Debug|Any CPU = Debug|Any CPU
		Release|Any CPU = Release|Any CPU
	EndGlobalSection
	GlobalSection(ProjectConfigurationPlatforms) = postSolution
		{853C7348-3C52-40CF-87B7-B8FD28DDD4C2}.Debug|Any CPU.ActiveCfg = Debug|Any CPU
		{853C7348-3C52-40CF-87B7-B8FD28DDD4C2}.Debug|Any CPU.Build.0 = Debug|Any CPU
		{853C7348-3C52-40CF-87B7-B8FD28DDD4C2}.Release|Any CPU.ActiveCfg = Release|Any CPU
		{853C7348-3C52-40CF-87B7-B8FD28DDD4C2}.Release|Any CPU.Build.0 = Release|Any CPU
		{42417ADD-069B-49AA-A334-F2CAE7587E97}.Debug|Any CPU.ActiveCfg = Debug|Any CPU
		{42417ADD-069B-49AA-A334-F2CAE7587E97}.Debug|Any CPU.Build.0 = Debug|Any CPU
		{42417ADD-069B-49AA-A334-F2CAE7587E97}.Release|Any CPU.ActiveCfg = Debug|Any CPU
		{42417ADD-069B-49AA-A334-F2CAE7587E97}.Release|Any CPU.Build.0 = Debug|Any CPU
		{347EAAB7-D2ED-454A-8543-8DA220E8D1A3}.Debug|Any CPU.ActiveCfg = Debug|Any CPU
		{347EAAB7-D2ED-454A-8543-8DA220E8D1A3}.Debug|Any CPU.Build.0 = Debug|Any CPU
		{347EAAB7-D2ED-454A-8543-8DA220E8D1A3}.Release|Any CPU.ActiveCfg = Release|Any CPU
		{347EAAB7-D2ED-454A-8543-8DA220E8D1A3}.Release|Any CPU.Build.0 = Release|Any CPU
		{1A0EEA31-B6F2-4294-8E62-6FD4BB8DE7EB}.Debug|Any CPU.ActiveCfg = Debug|Any CPU
		{1A0EEA31-B6F2-4294-8E62-6FD4BB8DE7EB}.Debug|Any CPU.Build.0 = Debug|Any CPU
		{1A0EEA31-B6F2-4294-8E62-6FD4BB8DE7EB}.Release|Any CPU.ActiveCfg = Release|Any CPU
		{1A0EEA31-B6F2-4294-8E62-6FD4BB8DE7EB}.Release|Any CPU.Build.0 = Release|Any CPU
		{18A28F79-2BF8-4AA3-9978-0836FC13E02C}.Debug|Any CPU.ActiveCfg = Debug|Any CPU
		{18A28F79-2BF8-4AA3-9978-0836FC13E02C}.Debug|Any CPU.Build.0 = Debug|Any CPU
		{18A28F79-2BF8-4AA3-9978-0836FC13E02C}.Release|Any CPU.ActiveCfg = Release|Any CPU
		{18A28F79-2BF8-4AA3-9978-0836FC13E02C}.Release|Any CPU.Build.0 = Release|Any CPU
		{7FE42011-1685-4599-911B-895BB2BF3C89}.Debug|Any CPU.ActiveCfg = Debug|Any CPU
		{7FE42011-1685-4599-911B-895BB2BF3C89}.Debug|Any CPU.Build.0 = Debug|Any CPU
		{7FE42011-1685-4599-911B-895BB2BF3C89}.Release|Any CPU.ActiveCfg = Release|Any CPU
		{7FE42011-1685-4599-911B-895BB2BF3C89}.Release|Any CPU.Build.0 = Release|Any CPU
		{C350C6CC-74BB-4BB2-8C7A-882920643583}.Debug|Any CPU.ActiveCfg = Debug|Any CPU
		{C350C6CC-74BB-4BB2-8C7A-882920643583}.Debug|Any CPU.Build.0 = Debug|Any CPU
		{C350C6CC-74BB-4BB2-8C7A-882920643583}.Release|Any CPU.ActiveCfg = Release|Any CPU
		{C350C6CC-74BB-4BB2-8C7A-882920643583}.Release|Any CPU.Build.0 = Release|Any CPU
		{A5FA5990-04B9-4C3A-9AEF-0FEDA1C8FE55}.Debug|Any CPU.ActiveCfg = Debug|Any CPU
		{A5FA5990-04B9-4C3A-9AEF-0FEDA1C8FE55}.Debug|Any CPU.Build.0 = Debug|Any CPU
		{A5FA5990-04B9-4C3A-9AEF-0FEDA1C8FE55}.Release|Any CPU.ActiveCfg = Release|Any CPU
		{A5FA5990-04B9-4C3A-9AEF-0FEDA1C8FE55}.Release|Any CPU.Build.0 = Release|Any CPU
		{6170BCE9-A2DF-41B8-B88D-4B353C5BBED5}.Debug|Any CPU.ActiveCfg = Debug|Any CPU
		{6170BCE9-A2DF-41B8-B88D-4B353C5BBED5}.Debug|Any CPU.Build.0 = Debug|Any CPU
		{6170BCE9-A2DF-41B8-B88D-4B353C5BBED5}.Release|Any CPU.ActiveCfg = Release|Any CPU
		{6170BCE9-A2DF-41B8-B88D-4B353C5BBED5}.Release|Any CPU.Build.0 = Release|Any CPU
		{BE9803F1-BF61-47E7-98AC-0047B1449C41}.Debug|Any CPU.ActiveCfg = Debug|Any CPU
		{BE9803F1-BF61-47E7-98AC-0047B1449C41}.Debug|Any CPU.Build.0 = Debug|Any CPU
		{BE9803F1-BF61-47E7-98AC-0047B1449C41}.Release|Any CPU.ActiveCfg = Release|Any CPU
		{BE9803F1-BF61-47E7-98AC-0047B1449C41}.Release|Any CPU.Build.0 = Release|Any CPU
		{AD4C08C7-AB44-4E38-800C-8FCE47528E0B}.Debug|Any CPU.ActiveCfg = Debug|Any CPU
		{AD4C08C7-AB44-4E38-800C-8FCE47528E0B}.Debug|Any CPU.Build.0 = Debug|Any CPU
		{AD4C08C7-AB44-4E38-800C-8FCE47528E0B}.Release|Any CPU.ActiveCfg = Release|Any CPU
		{AD4C08C7-AB44-4E38-800C-8FCE47528E0B}.Release|Any CPU.Build.0 = Release|Any CPU
		{1CFFDF40-F6C9-4A81-BBD1-0404792C8293}.Debug|Any CPU.ActiveCfg = Debug|Any CPU
		{1CFFDF40-F6C9-4A81-BBD1-0404792C8293}.Debug|Any CPU.Build.0 = Debug|Any CPU
		{1CFFDF40-F6C9-4A81-BBD1-0404792C8293}.Release|Any CPU.ActiveCfg = Release|Any CPU
		{1CFFDF40-F6C9-4A81-BBD1-0404792C8293}.Release|Any CPU.Build.0 = Release|Any CPU
		{F7A32DAA-4039-4F15-ACC6-C2DFA2C09DA5}.Debug|Any CPU.ActiveCfg = Debug|Any CPU
		{F7A32DAA-4039-4F15-ACC6-C2DFA2C09DA5}.Debug|Any CPU.Build.0 = Debug|Any CPU
		{F7A32DAA-4039-4F15-ACC6-C2DFA2C09DA5}.Release|Any CPU.ActiveCfg = Release|Any CPU
		{F7A32DAA-4039-4F15-ACC6-C2DFA2C09DA5}.Release|Any CPU.Build.0 = Release|Any CPU
		{04094B2B-93F8-4D6A-9785-4D8D28005C99}.Debug|Any CPU.ActiveCfg = Debug|Any CPU
		{04094B2B-93F8-4D6A-9785-4D8D28005C99}.Debug|Any CPU.Build.0 = Debug|Any CPU
		{04094B2B-93F8-4D6A-9785-4D8D28005C99}.Release|Any CPU.ActiveCfg = Release|Any CPU
		{04094B2B-93F8-4D6A-9785-4D8D28005C99}.Release|Any CPU.Build.0 = Release|Any CPU
		{696E3B1F-0DE7-4F0A-BFBC-BFEEAB66091E}.Debug|Any CPU.ActiveCfg = Debug|Any CPU
		{696E3B1F-0DE7-4F0A-BFBC-BFEEAB66091E}.Debug|Any CPU.Build.0 = Debug|Any CPU
		{696E3B1F-0DE7-4F0A-BFBC-BFEEAB66091E}.Release|Any CPU.ActiveCfg = Release|Any CPU
		{696E3B1F-0DE7-4F0A-BFBC-BFEEAB66091E}.Release|Any CPU.Build.0 = Release|Any CPU
		{511FB3B2-3D0D-4B47-A671-2A7D1116FEE7}.Debug|Any CPU.ActiveCfg = Debug|Any CPU
		{511FB3B2-3D0D-4B47-A671-2A7D1116FEE7}.Debug|Any CPU.Build.0 = Debug|Any CPU
		{511FB3B2-3D0D-4B47-A671-2A7D1116FEE7}.Release|Any CPU.ActiveCfg = Release|Any CPU
		{511FB3B2-3D0D-4B47-A671-2A7D1116FEE7}.Release|Any CPU.Build.0 = Release|Any CPU
		{F3A5B2D8-398B-46BD-8448-9A21FE6AA1A0}.Debug|Any CPU.ActiveCfg = Debug|Any CPU
		{F3A5B2D8-398B-46BD-8448-9A21FE6AA1A0}.Debug|Any CPU.Build.0 = Debug|Any CPU
		{F3A5B2D8-398B-46BD-8448-9A21FE6AA1A0}.Release|Any CPU.ActiveCfg = Release|Any CPU
		{F3A5B2D8-398B-46BD-8448-9A21FE6AA1A0}.Release|Any CPU.Build.0 = Release|Any CPU
		{DEF29A3C-E6FD-4CA3-80B0-52345376B60A}.Debug|Any CPU.ActiveCfg = Debug|Any CPU
		{DEF29A3C-E6FD-4CA3-80B0-52345376B60A}.Debug|Any CPU.Build.0 = Debug|Any CPU
		{DEF29A3C-E6FD-4CA3-80B0-52345376B60A}.Release|Any CPU.ActiveCfg = Release|Any CPU
		{DEF29A3C-E6FD-4CA3-80B0-52345376B60A}.Release|Any CPU.Build.0 = Release|Any CPU
		{FAD27376-8A24-49B5-8527-99AD20D48B7B}.Debug|Any CPU.ActiveCfg = Debug|Any CPU
		{FAD27376-8A24-49B5-8527-99AD20D48B7B}.Debug|Any CPU.Build.0 = Debug|Any CPU
		{FAD27376-8A24-49B5-8527-99AD20D48B7B}.Release|Any CPU.ActiveCfg = Release|Any CPU
		{FAD27376-8A24-49B5-8527-99AD20D48B7B}.Release|Any CPU.Build.0 = Release|Any CPU
		{F14E29DF-3DEC-40DC-B0F0-21CA12AFED17}.Debug|Any CPU.ActiveCfg = Debug|Any CPU
		{F14E29DF-3DEC-40DC-B0F0-21CA12AFED17}.Debug|Any CPU.Build.0 = Debug|Any CPU
		{F14E29DF-3DEC-40DC-B0F0-21CA12AFED17}.Release|Any CPU.ActiveCfg = Release|Any CPU
		{F14E29DF-3DEC-40DC-B0F0-21CA12AFED17}.Release|Any CPU.Build.0 = Release|Any CPU
		{A1810E02-FDBB-47A0-A5C3-8D55C61D2DE9}.Debug|Any CPU.ActiveCfg = Debug|Any CPU
		{A1810E02-FDBB-47A0-A5C3-8D55C61D2DE9}.Debug|Any CPU.Build.0 = Debug|Any CPU
		{A1810E02-FDBB-47A0-A5C3-8D55C61D2DE9}.Release|Any CPU.ActiveCfg = Release|Any CPU
		{A1810E02-FDBB-47A0-A5C3-8D55C61D2DE9}.Release|Any CPU.Build.0 = Release|Any CPU
		{C45EEB53-5838-4DE9-8306-6C25A0463C82}.Debug|Any CPU.ActiveCfg = Debug|Any CPU
		{C45EEB53-5838-4DE9-8306-6C25A0463C82}.Debug|Any CPU.Build.0 = Debug|Any CPU
		{C45EEB53-5838-4DE9-8306-6C25A0463C82}.Release|Any CPU.ActiveCfg = Release|Any CPU
		{C45EEB53-5838-4DE9-8306-6C25A0463C82}.Release|Any CPU.Build.0 = Release|Any CPU
		{7996B2FD-9F26-4193-A61C-31AFC8E2ECF3}.Debug|Any CPU.ActiveCfg = Debug|Any CPU
		{7996B2FD-9F26-4193-A61C-31AFC8E2ECF3}.Debug|Any CPU.Build.0 = Debug|Any CPU
		{7996B2FD-9F26-4193-A61C-31AFC8E2ECF3}.Release|Any CPU.ActiveCfg = Release|Any CPU
		{7996B2FD-9F26-4193-A61C-31AFC8E2ECF3}.Release|Any CPU.Build.0 = Release|Any CPU
		{87ABB48E-BAB4-4CF4-BAA2-3D5B24FEDC1D}.Debug|Any CPU.ActiveCfg = Debug|Any CPU
		{87ABB48E-BAB4-4CF4-BAA2-3D5B24FEDC1D}.Debug|Any CPU.Build.0 = Debug|Any CPU
		{87ABB48E-BAB4-4CF4-BAA2-3D5B24FEDC1D}.Release|Any CPU.ActiveCfg = Release|Any CPU
		{87ABB48E-BAB4-4CF4-BAA2-3D5B24FEDC1D}.Release|Any CPU.Build.0 = Release|Any CPU
		{A4AC7095-6F3D-42F6-938C-6D144D586307}.Debug|Any CPU.ActiveCfg = Debug|Any CPU
		{A4AC7095-6F3D-42F6-938C-6D144D586307}.Debug|Any CPU.Build.0 = Debug|Any CPU
		{A4AC7095-6F3D-42F6-938C-6D144D586307}.Release|Any CPU.ActiveCfg = Release|Any CPU
		{A4AC7095-6F3D-42F6-938C-6D144D586307}.Release|Any CPU.Build.0 = Release|Any CPU
		{4C80B18A-99FB-4A04-B953-E6E7A51CE63E}.Debug|Any CPU.ActiveCfg = Debug|Any CPU
		{4C80B18A-99FB-4A04-B953-E6E7A51CE63E}.Debug|Any CPU.Build.0 = Debug|Any CPU
		{4C80B18A-99FB-4A04-B953-E6E7A51CE63E}.Release|Any CPU.ActiveCfg = Release|Any CPU
		{4C80B18A-99FB-4A04-B953-E6E7A51CE63E}.Release|Any CPU.Build.0 = Release|Any CPU
		{62664155-36BC-4583-A5CA-E0C8B1CE8D59}.Debug|Any CPU.ActiveCfg = Debug|Any CPU
		{62664155-36BC-4583-A5CA-E0C8B1CE8D59}.Debug|Any CPU.Build.0 = Debug|Any CPU
		{62664155-36BC-4583-A5CA-E0C8B1CE8D59}.Release|Any CPU.ActiveCfg = Release|Any CPU
		{62664155-36BC-4583-A5CA-E0C8B1CE8D59}.Release|Any CPU.Build.0 = Release|Any CPU
		{67F25BB9-947B-4868-A7F1-5EB629121163}.Debug|Any CPU.ActiveCfg = Debug|Any CPU
		{67F25BB9-947B-4868-A7F1-5EB629121163}.Debug|Any CPU.Build.0 = Debug|Any CPU
		{67F25BB9-947B-4868-A7F1-5EB629121163}.Release|Any CPU.ActiveCfg = Release|Any CPU
		{67F25BB9-947B-4868-A7F1-5EB629121163}.Release|Any CPU.Build.0 = Release|Any CPU
		{86211C05-FF38-4A9F-9AA2-6F81C5E9CF6D}.Debug|Any CPU.ActiveCfg = Debug|Any CPU
		{86211C05-FF38-4A9F-9AA2-6F81C5E9CF6D}.Debug|Any CPU.Build.0 = Debug|Any CPU
		{86211C05-FF38-4A9F-9AA2-6F81C5E9CF6D}.Release|Any CPU.ActiveCfg = Release|Any CPU
		{86211C05-FF38-4A9F-9AA2-6F81C5E9CF6D}.Release|Any CPU.Build.0 = Release|Any CPU
		{64D221FD-9B88-43A8-B0A0-C1B67729EE91}.Debug|Any CPU.ActiveCfg = Debug|Any CPU
		{64D221FD-9B88-43A8-B0A0-C1B67729EE91}.Debug|Any CPU.Build.0 = Debug|Any CPU
		{64D221FD-9B88-43A8-B0A0-C1B67729EE91}.Release|Any CPU.ActiveCfg = Release|Any CPU
		{64D221FD-9B88-43A8-B0A0-C1B67729EE91}.Release|Any CPU.Build.0 = Release|Any CPU
		{E28A621E-831F-4627-8F5F-E9E7C5CA2188}.Debug|Any CPU.ActiveCfg = Debug|Any CPU
		{E28A621E-831F-4627-8F5F-E9E7C5CA2188}.Debug|Any CPU.Build.0 = Debug|Any CPU
		{E28A621E-831F-4627-8F5F-E9E7C5CA2188}.Release|Any CPU.ActiveCfg = Release|Any CPU
		{E28A621E-831F-4627-8F5F-E9E7C5CA2188}.Release|Any CPU.Build.0 = Release|Any CPU
		{A37337F0-77A5-4612-A14B-3B8BC47C7CFE}.Debug|Any CPU.ActiveCfg = Debug|Any CPU
		{A37337F0-77A5-4612-A14B-3B8BC47C7CFE}.Debug|Any CPU.Build.0 = Debug|Any CPU
		{A37337F0-77A5-4612-A14B-3B8BC47C7CFE}.Release|Any CPU.ActiveCfg = Release|Any CPU
		{A37337F0-77A5-4612-A14B-3B8BC47C7CFE}.Release|Any CPU.Build.0 = Release|Any CPU
		{4995968E-D7B2-4975-AF84-5414492B36C7}.Debug|Any CPU.ActiveCfg = Debug|Any CPU
		{4995968E-D7B2-4975-AF84-5414492B36C7}.Debug|Any CPU.Build.0 = Debug|Any CPU
		{4995968E-D7B2-4975-AF84-5414492B36C7}.Release|Any CPU.ActiveCfg = Release|Any CPU
		{4995968E-D7B2-4975-AF84-5414492B36C7}.Release|Any CPU.Build.0 = Release|Any CPU
		{4B33CF03-56EB-414B-B26A-930F6AC4965E}.Debug|Any CPU.ActiveCfg = Debug|Any CPU
		{4B33CF03-56EB-414B-B26A-930F6AC4965E}.Debug|Any CPU.Build.0 = Debug|Any CPU
		{4B33CF03-56EB-414B-B26A-930F6AC4965E}.Release|Any CPU.ActiveCfg = Release|Any CPU
		{4B33CF03-56EB-414B-B26A-930F6AC4965E}.Release|Any CPU.Build.0 = Release|Any CPU
		{194CD3A1-93A3-41B5-B496-BD7E79C685C4}.Debug|Any CPU.ActiveCfg = Debug|Any CPU
		{194CD3A1-93A3-41B5-B496-BD7E79C685C4}.Debug|Any CPU.Build.0 = Debug|Any CPU
		{194CD3A1-93A3-41B5-B496-BD7E79C685C4}.Release|Any CPU.ActiveCfg = Release|Any CPU
		{194CD3A1-93A3-41B5-B496-BD7E79C685C4}.Release|Any CPU.Build.0 = Release|Any CPU
		{70080AB0-160B-4FCB-A047-05435EF62275}.Debug|Any CPU.ActiveCfg = Debug|Any CPU
		{70080AB0-160B-4FCB-A047-05435EF62275}.Debug|Any CPU.Build.0 = Debug|Any CPU
		{70080AB0-160B-4FCB-A047-05435EF62275}.Release|Any CPU.ActiveCfg = Release|Any CPU
		{70080AB0-160B-4FCB-A047-05435EF62275}.Release|Any CPU.Build.0 = Release|Any CPU
		{744C25E3-EA30-4D88-86A0-83B7F605F2B2}.Debug|Any CPU.ActiveCfg = Debug|Any CPU
		{744C25E3-EA30-4D88-86A0-83B7F605F2B2}.Debug|Any CPU.Build.0 = Debug|Any CPU
		{744C25E3-EA30-4D88-86A0-83B7F605F2B2}.Release|Any CPU.ActiveCfg = Release|Any CPU
		{744C25E3-EA30-4D88-86A0-83B7F605F2B2}.Release|Any CPU.Build.0 = Release|Any CPU
		{B843C882-EB66-4FFA-90FB-63985DFA7B23}.Debug|Any CPU.ActiveCfg = Debug|Any CPU
		{B843C882-EB66-4FFA-90FB-63985DFA7B23}.Debug|Any CPU.Build.0 = Debug|Any CPU
		{B843C882-EB66-4FFA-90FB-63985DFA7B23}.Release|Any CPU.ActiveCfg = Release|Any CPU
		{B843C882-EB66-4FFA-90FB-63985DFA7B23}.Release|Any CPU.Build.0 = Release|Any CPU
		{0DD3D913-B401-4288-9A7F-B65F5D99D45A}.Debug|Any CPU.ActiveCfg = Debug|Any CPU
		{0DD3D913-B401-4288-9A7F-B65F5D99D45A}.Debug|Any CPU.Build.0 = Debug|Any CPU
		{0DD3D913-B401-4288-9A7F-B65F5D99D45A}.Release|Any CPU.ActiveCfg = Release|Any CPU
		{0DD3D913-B401-4288-9A7F-B65F5D99D45A}.Release|Any CPU.Build.0 = Release|Any CPU
		{F819E3DA-C4EE-4425-98F3-B760ABB75266}.Debug|Any CPU.ActiveCfg = Debug|Any CPU
		{F819E3DA-C4EE-4425-98F3-B760ABB75266}.Debug|Any CPU.Build.0 = Debug|Any CPU
		{F819E3DA-C4EE-4425-98F3-B760ABB75266}.Release|Any CPU.ActiveCfg = Release|Any CPU
		{F819E3DA-C4EE-4425-98F3-B760ABB75266}.Release|Any CPU.Build.0 = Release|Any CPU
		{82D6A67E-28E2-45C2-B14E-B67600119936}.Debug|Any CPU.ActiveCfg = Debug|Any CPU
		{82D6A67E-28E2-45C2-B14E-B67600119936}.Debug|Any CPU.Build.0 = Debug|Any CPU
		{82D6A67E-28E2-45C2-B14E-B67600119936}.Release|Any CPU.ActiveCfg = Release|Any CPU
		{82D6A67E-28E2-45C2-B14E-B67600119936}.Release|Any CPU.Build.0 = Release|Any CPU
		{F8F00939-00AF-474C-9A1C-09CEDA363D6B}.Debug|Any CPU.ActiveCfg = Debug|Any CPU
		{F8F00939-00AF-474C-9A1C-09CEDA363D6B}.Debug|Any CPU.Build.0 = Debug|Any CPU
		{F8F00939-00AF-474C-9A1C-09CEDA363D6B}.Release|Any CPU.ActiveCfg = Release|Any CPU
		{F8F00939-00AF-474C-9A1C-09CEDA363D6B}.Release|Any CPU.Build.0 = Release|Any CPU
		{9E7E8E83-62C6-4646-9F8B-2D578E7F1119}.Debug|Any CPU.ActiveCfg = Debug|Any CPU
		{9E7E8E83-62C6-4646-9F8B-2D578E7F1119}.Debug|Any CPU.Build.0 = Debug|Any CPU
		{9E7E8E83-62C6-4646-9F8B-2D578E7F1119}.Release|Any CPU.ActiveCfg = Release|Any CPU
		{9E7E8E83-62C6-4646-9F8B-2D578E7F1119}.Release|Any CPU.Build.0 = Release|Any CPU
		{F5951391-84E4-4800-B489-AB50EF0D65A2}.Debug|Any CPU.ActiveCfg = Debug|Any CPU
		{F5951391-84E4-4800-B489-AB50EF0D65A2}.Debug|Any CPU.Build.0 = Debug|Any CPU
		{F5951391-84E4-4800-B489-AB50EF0D65A2}.Release|Any CPU.ActiveCfg = Release|Any CPU
		{F5951391-84E4-4800-B489-AB50EF0D65A2}.Release|Any CPU.Build.0 = Release|Any CPU
		{6E358531-3244-417D-8901-A38586870CEF}.Debug|Any CPU.ActiveCfg = Debug|Any CPU
		{6E358531-3244-417D-8901-A38586870CEF}.Debug|Any CPU.Build.0 = Debug|Any CPU
		{6E358531-3244-417D-8901-A38586870CEF}.Release|Any CPU.ActiveCfg = Release|Any CPU
		{6E358531-3244-417D-8901-A38586870CEF}.Release|Any CPU.Build.0 = Release|Any CPU
		{374135FB-4073-4EBE-9670-AFE8A7897346}.Debug|Any CPU.ActiveCfg = Debug|Any CPU
		{374135FB-4073-4EBE-9670-AFE8A7897346}.Debug|Any CPU.Build.0 = Debug|Any CPU
		{374135FB-4073-4EBE-9670-AFE8A7897346}.Release|Any CPU.ActiveCfg = Release|Any CPU
		{374135FB-4073-4EBE-9670-AFE8A7897346}.Release|Any CPU.Build.0 = Release|Any CPU
		{DEB94680-1C67-4038-B3F0-008518DD7960}.Debug|Any CPU.ActiveCfg = Debug|Any CPU
		{DEB94680-1C67-4038-B3F0-008518DD7960}.Debug|Any CPU.Build.0 = Debug|Any CPU
		{DEB94680-1C67-4038-B3F0-008518DD7960}.Release|Any CPU.ActiveCfg = Release|Any CPU
		{DEB94680-1C67-4038-B3F0-008518DD7960}.Release|Any CPU.Build.0 = Release|Any CPU
		{A053F354-5877-4FB5-BEE2-A56F1605E13A}.Debug|Any CPU.ActiveCfg = Debug|Any CPU
		{A053F354-5877-4FB5-BEE2-A56F1605E13A}.Debug|Any CPU.Build.0 = Debug|Any CPU
		{A053F354-5877-4FB5-BEE2-A56F1605E13A}.Release|Any CPU.ActiveCfg = Release|Any CPU
		{A053F354-5877-4FB5-BEE2-A56F1605E13A}.Release|Any CPU.Build.0 = Release|Any CPU
		{8F7D8361-F2D6-42E3-83AF-D843BBA62883}.Debug|Any CPU.ActiveCfg = Debug|Any CPU
		{8F7D8361-F2D6-42E3-83AF-D843BBA62883}.Debug|Any CPU.Build.0 = Debug|Any CPU
		{8F7D8361-F2D6-42E3-83AF-D843BBA62883}.Release|Any CPU.ActiveCfg = Release|Any CPU
		{8F7D8361-F2D6-42E3-83AF-D843BBA62883}.Release|Any CPU.Build.0 = Release|Any CPU
		{9CA4D841-C73E-4F35-ADCF-A65CA24B5750}.Debug|Any CPU.ActiveCfg = Debug|Any CPU
		{9CA4D841-C73E-4F35-ADCF-A65CA24B5750}.Debug|Any CPU.Build.0 = Debug|Any CPU
		{9CA4D841-C73E-4F35-ADCF-A65CA24B5750}.Release|Any CPU.ActiveCfg = Release|Any CPU
		{9CA4D841-C73E-4F35-ADCF-A65CA24B5750}.Release|Any CPU.Build.0 = Release|Any CPU
		{B794A0FA-3968-4FAD-A634-C3EA9E7FE04B}.Debug|Any CPU.ActiveCfg = Debug|Any CPU
		{B794A0FA-3968-4FAD-A634-C3EA9E7FE04B}.Debug|Any CPU.Build.0 = Debug|Any CPU
		{B794A0FA-3968-4FAD-A634-C3EA9E7FE04B}.Release|Any CPU.ActiveCfg = Release|Any CPU
		{B794A0FA-3968-4FAD-A634-C3EA9E7FE04B}.Release|Any CPU.Build.0 = Release|Any CPU
		{3129FD74-7C12-4D97-9F03-428CD847A249}.Debug|Any CPU.ActiveCfg = Debug|Any CPU
		{3129FD74-7C12-4D97-9F03-428CD847A249}.Debug|Any CPU.Build.0 = Debug|Any CPU
		{3129FD74-7C12-4D97-9F03-428CD847A249}.Release|Any CPU.ActiveCfg = Release|Any CPU
		{3129FD74-7C12-4D97-9F03-428CD847A249}.Release|Any CPU.Build.0 = Release|Any CPU
	EndGlobalSection
	GlobalSection(SolutionProperties) = preSolution
		HideSolutionNode = FALSE
	EndGlobalSection
	GlobalSection(ExtensibilityGlobals) = postSolution
		SolutionGuid = {81E72045-4CCD-41D6-8FC6-D081695E942C}
	EndGlobalSection
EndGlobal
